
Microsoft Visual Studio Solution File, Format Version 12.00
# Visual Studio Version 16
VisualStudioVersion = 16.0.28803.202
MinimumVisualStudioVersion = 10.0.40219.1
Project("{FAE04EC0-301F-11D3-BF4B-00C04F79EFBC}") = "UnitTesteKarnakStone", "UnitTesteKarnakStone\UnitTesteKarnakStone.csproj", "{4A482909-46BB-4812-9AD4-692A9D385B1B}"
EndProject
Global
	GlobalSection(SolutionConfigurationPlatforms) = preSolution
		Debug|Any CPU = Debug|Any CPU
		Release|Any CPU = Release|Any CPU
	EndGlobalSection
	GlobalSection(ProjectConfigurationPlatforms) = postSolution
		{4A482909-46BB-4812-9AD4-692A9D385B1B}.Debug|Any CPU.ActiveCfg = Debug|Any CPU
		{4A482909-46BB-4812-9AD4-692A9D385B1B}.Debug|Any CPU.Build.0 = Debug|Any CPU
		{4A482909-46BB-4812-9AD4-692A9D385B1B}.Release|Any CPU.ActiveCfg = Release|Any CPU
		{4A482909-46BB-4812-9AD4-692A9D385B1B}.Release|Any CPU.Build.0 = Release|Any CPU
	EndGlobalSection
	GlobalSection(SolutionProperties) = preSolution
		HideSolutionNode = FALSE
	EndGlobalSection
	GlobalSection(ExtensibilityGlobals) = postSolution
		SolutionGuid = {BB8AD4DE-EF3E-4CA7-ABAE-B30098665AF3}
	EndGlobalSection
EndGlobal
