
Microsoft Visual Studio Solution File, Format Version 12.00
# Visual Studio Version 16
VisualStudioVersion = 16.0.28803.202
MinimumVisualStudioVersion = 10.0.40219.1
Project("{FAE04EC0-301F-11D3-BF4B-00C04F79EFBC}") = "EFCoreMapStoneV13", "EFCoreMapStoneV13\EFCoreMapStoneV13.csproj", "{A78D5710-9409-40D4-A638-5C7A3B10AA60}"
EndProject
Global
	GlobalSection(SolutionConfigurationPlatforms) = preSolution
		Debug|Any CPU = Debug|Any CPU
		Release|Any CPU = Release|Any CPU
	EndGlobalSection
	GlobalSection(ProjectConfigurationPlatforms) = postSolution
		{A78D5710-9409-40D4-A638-5C7A3B10AA60}.Debug|Any CPU.ActiveCfg = Debug|Any CPU
		{A78D5710-9409-40D4-A638-5C7A3B10AA60}.Debug|Any CPU.Build.0 = Debug|Any CPU
		{A78D5710-9409-40D4-A638-5C7A3B10AA60}.Release|Any CPU.ActiveCfg = Release|Any CPU
		{A78D5710-9409-40D4-A638-5C7A3B10AA60}.Release|Any CPU.Build.0 = Release|Any CPU
	EndGlobalSection
	GlobalSection(SolutionProperties) = preSolution
		HideSolutionNode = FALSE
	EndGlobalSection
	GlobalSection(ExtensibilityGlobals) = postSolution
		SolutionGuid = {0F714F76-FAA3-4902-9DFC-CD05BB77FB5E}
	EndGlobalSection
EndGlobal
