
Microsoft Visual Studio Solution File, Format Version 12.00
# Visual Studio Version 16
VisualStudioVersion = 16.0.28803.202
MinimumVisualStudioVersion = 10.0.40219.1
Project("{FAE04EC0-301F-11D3-BF4B-00C04F79EFBC}") = "AmonRa", "AmonRa\AmonRa.csproj", "{CCE996A6-7A26-4E1F-A4E5-50293509769C}"
EndProject
Global
	GlobalSection(SolutionConfigurationPlatforms) = preSolution
		Debug|Any CPU = Debug|Any CPU
		Release|Any CPU = Release|Any CPU
	EndGlobalSection
	GlobalSection(ProjectConfigurationPlatforms) = postSolution
		{CCE996A6-7A26-4E1F-A4E5-50293509769C}.Debug|Any CPU.ActiveCfg = Debug|Any CPU
		{CCE996A6-7A26-4E1F-A4E5-50293509769C}.Debug|Any CPU.Build.0 = Debug|Any CPU
		{CCE996A6-7A26-4E1F-A4E5-50293509769C}.Release|Any CPU.ActiveCfg = Release|Any CPU
		{CCE996A6-7A26-4E1F-A4E5-50293509769C}.Release|Any CPU.Build.0 = Release|Any CPU
	EndGlobalSection
	GlobalSection(SolutionProperties) = preSolution
		HideSolutionNode = FALSE
	EndGlobalSection
	GlobalSection(ExtensibilityGlobals) = postSolution
		SolutionGuid = {C3D79421-C1D9-4676-B61A-64C97EBB9A23}
	EndGlobalSection
EndGlobal
